// !$*UTF8*$!
{
	archiveVersion = 1;
	classes = {
	};
	objectVersion = 46;
	objects = {

/* Begin PBXBuildFile section */
		318DB024181E5F1400FF3C08 /* main.cpp in Sources */ = {isa = PBXBuildFile; fileRef = 318DB023181E5F1400FF3C08 /* main.cpp */; };
		318DB026181E5F1400FF3C08 /* E001UsingSector.1 in CopyFiles */ = {isa = PBXBuildFile; fileRef = 318DB025181E5F1400FF3C08 /* E001UsingSector.1 */; };
		318DB02D181E5FB300FF3C08 /* libSector.a in Frameworks */ = {isa = PBXBuildFile; fileRef = 318DB02C181E5FB300FF3C08 /* libSector.a */; };
/* End PBXBuildFile section */

/* Begin PBXCopyFilesBuildPhase section */
		318DB01E181E5F1400FF3C08 /* CopyFiles */ = {
			isa = PBXCopyFilesBuildPhase;
			buildActionMask = 2147483647;
			dstPath = /usr/share/man/man1/;
			dstSubfolderSpec = 0;
			files = (
				318DB026181E5F1400FF3C08 /* E001UsingSector.1 in CopyFiles */,
			);
			runOnlyForDeploymentPostprocessing = 1;
		};
/* End PBXCopyFilesBuildPhase section */

/* Begin PBXFileReference section */
		318DB020181E5F1400FF3C08 /* E001UsingSector */ = {isa = PBXFileReference; explicitFileType = "compiled.mach-o.executable"; includeInIndex = 0; path = E001UsingSector; sourceTree = BUILT_PRODUCTS_DIR; };
		318DB023181E5F1400FF3C08 /* main.cpp */ = {isa = PBXFileReference; lastKnownFileType = sourcecode.cpp.cpp; path = main.cpp; sourceTree = "<group>"; };
		318DB025181E5F1400FF3C08 /* E001UsingSector.1 */ = {isa = PBXFileReference; lastKnownFileType = text.man; path = E001UsingSector.1; sourceTree = "<group>"; };
		318DB02C181E5FB300FF3C08 /* libSector.a */ = {isa = PBXFileReference; lastKnownFileType = file; name = libSector.a; path = ../Sector/build/Debug/libSector.a; sourceTree = "<group>"; };
/* End PBXFileReference section */

/* Begin PBXFrameworksBuildPhase section */
		318DB01D181E5F1400FF3C08 /* Frameworks */ = {
			isa = PBXFrameworksBuildPhase;
			buildActionMask = 2147483647;
			files = (
				318DB02D181E5FB300FF3C08 /* libSector.a in Frameworks */,
			);
			runOnlyForDeploymentPostprocessing = 0;
		};
/* End PBXFrameworksBuildPhase section */

/* Begin PBXGroup section */
		318DB017181E5F1400FF3C08 = {
			isa = PBXGroup;
			children = (
				318DB02E181E5FB700FF3C08 /* libs */,
				318DB022181E5F1400FF3C08 /* E001UsingSector */,
				318DB021181E5F1400FF3C08 /* Products */,
			);
			sourceTree = "<group>";
		};
		318DB021181E5F1400FF3C08 /* Products */ = {
			isa = PBXGroup;
			children = (
				318DB020181E5F1400FF3C08 /* E001UsingSector */,
			);
			name = Products;
			sourceTree = "<group>";
		};
		318DB022181E5F1400FF3C08 /* E001UsingSector */ = {
			isa = PBXGroup;
			children = (
				318DB023181E5F1400FF3C08 /* main.cpp */,
				318DB025181E5F1400FF3C08 /* E001UsingSector.1 */,
			);
			path = E001UsingSector;
			sourceTree = "<group>";
		};
		318DB02E181E5FB700FF3C08 /* libs */ = {
			isa = PBXGroup;
			children = (
				318DB02C181E5FB300FF3C08 /* libSector.a */,
			);
			name = libs;
			sourceTree = "<group>";
		};
/* End PBXGroup section */

/* Begin PBXNativeTarget section */
		318DB01F181E5F1400FF3C08 /* E001UsingSector */ = {
			isa = PBXNativeTarget;
			buildConfigurationList = 318DB029181E5F1400FF3C08 /* Build configuration list for PBXNativeTarget "E001UsingSector" */;
			buildPhases = (
				318DB01C181E5F1400FF3C08 /* Sources */,
				318DB01D181E5F1400FF3C08 /* Frameworks */,
				318DB01E181E5F1400FF3C08 /* CopyFiles */,
			);
			buildRules = (
			);
			dependencies = (
			);
			name = E001UsingSector;
			productName = E001UsingSector;
			productReference = 318DB020181E5F1400FF3C08 /* E001UsingSector */;
			productType = "com.apple.product-type.tool";
		};
/* End PBXNativeTarget section */

/* Begin PBXProject section */
		318DB018181E5F1400FF3C08 /* Project object */ = {
			isa = PBXProject;
			attributes = {
				LastUpgradeCheck = 0500;
				ORGANIZATIONNAME = plter;
			};
			buildConfigurationList = 318DB01B181E5F1400FF3C08 /* Build configuration list for PBXProject "E001UsingSector" */;
			compatibilityVersion = "Xcode 3.2";
			developmentRegion = English;
			hasScannedForEncodings = 0;
			knownRegions = (
				en,
			);
			mainGroup = 318DB017181E5F1400FF3C08;
			productRefGroup = 318DB021181E5F1400FF3C08 /* Products */;
			projectDirPath = "";
			projectRoot = "";
			targets = (
				318DB01F181E5F1400FF3C08 /* E001UsingSector */,
			);
		};
/* End PBXProject section */

/* Begin PBXSourcesBuildPhase section */
		318DB01C181E5F1400FF3C08 /* Sources */ = {
			isa = PBXSourcesBuildPhase;
			buildActionMask = 2147483647;
			files = (
				318DB024181E5F1400FF3C08 /* main.cpp in Sources */,
			);
			runOnlyForDeploymentPostprocessing = 0;
		};
/* End PBXSourcesBuildPhase section */

/* Begin XCBuildConfiguration section */
		318DB027181E5F1400FF3C08 /* Debug */ = {
			isa = XCBuildConfiguration;
			buildSettings = {
				ALWAYS_SEARCH_USER_PATHS = NO;
				CLANG_CXX_LANGUAGE_STANDARD = "gnu++0x";
				CLANG_CXX_LIBRARY = "libc++";
				CLANG_ENABLE_OBJC_ARC = YES;
				CLANG_WARN_BOOL_CONVERSION = YES;
				CLANG_WARN_CONSTANT_CONVERSION = YES;
				CLANG_WARN_DIRECT_OBJC_ISA_USAGE = YES_ERROR;
				CLANG_WARN_EMPTY_BODY = YES;
				CLANG_WARN_ENUM_CONVERSION = YES;
				CLANG_WARN_INT_CONVERSION = YES;
				CLANG_WARN_OBJC_ROOT_CLASS = YES_ERROR;
				CLANG_WARN__DUPLICATE_METHOD_MATCH = YES;
				COPY_PHASE_STRIP = NO;
				GCC_C_LANGUAGE_STANDARD = gnu99;
				GCC_DYNAMIC_NO_PIC = NO;
				GCC_ENABLE_OBJC_EXCEPTIONS = YES;
				GCC_OPTIMIZATION_LEVEL = 0;
				GCC_PREPROCESSOR_DEFINITIONS = (
					"DEBUG=1",
					"$(inherited)",
				);
				GCC_SYMBOLS_PRIVATE_EXTERN = NO;
				GCC_WARN_64_TO_32_BIT_CONVERSION = YES;
				GCC_WARN_ABOUT_RETURN_TYPE = YES_ERROR;
				GCC_WARN_UNDECLARED_SELECTOR = YES;
				GCC_WARN_UNINITIALIZED_AUTOS = YES;
				GCC_WARN_UNUSED_FUNCTION = YES;
				GCC_WARN_UNUSED_VARIABLE = YES;
				MACOSX_DEPLOYMENT_TARGET = 10.9;
				ONLY_ACTIVE_ARCH = YES;
				SDKROOT = macosx;
			};
			name = Debug;
		};
		318DB028181E5F1400FF3C08 /* Release */ = {
			isa = XCBuildConfiguration;
			buildSettings = {
				ALWAYS_SEARCH_USER_PATHS = NO;
				CLANG_CXX_LANGUAGE_STANDARD = "gnu++0x";
				CLANG_CXX_LIBRARY = "libc++";
				CLANG_ENABLE_OBJC_ARC = YES;
				CLANG_WARN_BOOL_CONVERSION = YES;
				CLANG_WARN_CONSTANT_CONVERSION = YES;
				CLANG_WARN_DIRECT_OBJC_ISA_USAGE = YES_ERROR;
				CLANG_WARN_EMPTY_BODY = YES;
				CLANG_WARN_ENUM_CONVERSION = YES;
				CLANG_WARN_INT_CONVERSION = YES;
				CLANG_WARN_OBJC_ROOT_CLASS = YES_ERROR;
				CLANG_WARN__DUPLICATE_METHOD_MATCH = YES;
				COPY_PHASE_STRIP = YES;
				DEBUG_INFORMATION_FORMAT = "dwarf-with-dsym";
				ENABLE_NS_ASSERTIONS = NO;
				GCC_C_LANGUAGE_STANDARD = gnu99;
				GCC_ENABLE_OBJC_EXCEPTIONS = YES;
				GCC_WARN_64_TO_32_BIT_CONVERSION = YES;
				GCC_WARN_ABOUT_RETURN_TYPE = YES_ERROR;
				GCC_WARN_UNDECLARED_SELECTOR = YES;
				GCC_WARN_UNINITIALIZED_AUTOS = YES;
				GCC_WARN_UNUSED_FUNCTION = YES;
				GCC_WARN_UNUSED_VARIABLE = YES;
				MACOSX_DEPLOYMENT_TARGET = 10.9;
				SDKROOT = macosx;
			};
			name = Release;
		};
		318DB02A181E5F1400FF3C08 /* Debug */ = {
			isa = XCBuildConfiguration;
			buildSettings = {
				HEADER_SEARCH_PATHS = (
					"$(inherited)",
					/Applications/Xcode.app/Contents/Developer/Toolchains/XcodeDefault.xctoolchain/usr/include,
					../Sector,
				);
				PRODUCT_NAME = "$(TARGET_NAME)";
			};
			name = Debug;
		};
		318DB02B181E5F1400FF3C08 /* Release */ = {
			isa = XCBuildConfiguration;
			buildSettings = {
				HEADER_SEARCH_PATHS = (
					"$(inherited)",
					/Applications/Xcode.app/Contents/Developer/Toolchains/XcodeDefault.xctoolchain/usr/include,
					../Sector,
				);
				PRODUCT_NAME = "$(TARGET_NAME)";
			};
			name = Release;
		};
/* End XCBuildConfiguration section */

/* Begin XCConfigurationList section */
		318DB01B181E5F1400FF3C08 /* Build configuration list for PBXProject "E001UsingSector" */ = {
			isa = XCConfigurationList;
			buildConfigurations = (
				318DB027181E5F1400FF3C08 /* Debug */,
				318DB028181E5F1400FF3C08 /* Release */,
			);
			defaultConfigurationIsVisible = 0;
			defaultConfigurationName = Release;
		};
		318DB029181E5F1400FF3C08 /* Build configuration list for PBXNativeTarget "E001UsingSector" */ = {
			isa = XCConfigurationList;
			buildConfigurations = (
				318DB02A181E5F1400FF3C08 /* Debug */,
				318DB02B181E5F1400FF3C08 /* Release */,
			);
			defaultConfigurationIsVisible = 0;
		};
/* End XCConfigurationList section */
	};
	rootObject = 318DB018181E5F1400FF3C08 /* Project object */;
}
